
Microsoft Visual Studio Solution File, Format Version 12.00
# Visual Studio Version 17
VisualStudioVersion = 17.0.31903.59
MinimumVisualStudioVersion = 10.0.40219.1
Project("{FAE04EC0-301F-11D3-BF4B-00C04F79EFBC}") = "WetPet.Api", "WetPet.Api\WetPet.Api.csproj", "{47C76A09-7624-4FB0-9410-196F43019B92}"
EndProject
Project("{FAE04EC0-301F-11D3-BF4B-00C04F79EFBC}") = "WetPet.Contracts", "WetPet.Contracts\WetPet.Contracts.csproj", "{6CE74BD2-FAEC-4AE3-B313-BD76C8581A16}"
EndProject
Project("{FAE04EC0-301F-11D3-BF4B-00C04F79EFBC}") = "WetPet.Infrastructure", "WetPet.Infrastructure\WetPet.Infrastructure.csproj", "{0BECACDC-FF06-4BB6-B5A8-358E65E92E9C}"
EndProject
Project("{FAE04EC0-301F-11D3-BF4B-00C04F79EFBC}") = "WetPet.AppCore", "WetPet.AppCore\WetPet.AppCore.csproj", "{2896C509-B90D-4B1C-AFD5-BE300C5BA3B7}"
EndProject
Global
	GlobalSection(SolutionConfigurationPlatforms) = preSolution
		Debug|Any CPU = Debug|Any CPU
		Release|Any CPU = Release|Any CPU
	EndGlobalSection
	GlobalSection(SolutionProperties) = preSolution
		HideSolutionNode = FALSE
	EndGlobalSection
	GlobalSection(ProjectConfigurationPlatforms) = postSolution
		{47C76A09-7624-4FB0-9410-196F43019B92}.Debug|Any CPU.ActiveCfg = Debug|Any CPU
		{47C76A09-7624-4FB0-9410-196F43019B92}.Debug|Any CPU.Build.0 = Debug|Any CPU
		{47C76A09-7624-4FB0-9410-196F43019B92}.Release|Any CPU.ActiveCfg = Release|Any CPU
		{47C76A09-7624-4FB0-9410-196F43019B92}.Release|Any CPU.Build.0 = Release|Any CPU
		{6CE74BD2-FAEC-4AE3-B313-BD76C8581A16}.Debug|Any CPU.ActiveCfg = Debug|Any CPU
		{6CE74BD2-FAEC-4AE3-B313-BD76C8581A16}.Debug|Any CPU.Build.0 = Debug|Any CPU
		{6CE74BD2-FAEC-4AE3-B313-BD76C8581A16}.Release|Any CPU.ActiveCfg = Release|Any CPU
		{6CE74BD2-FAEC-4AE3-B313-BD76C8581A16}.Release|Any CPU.Build.0 = Release|Any CPU
		{0BECACDC-FF06-4BB6-B5A8-358E65E92E9C}.Debug|Any CPU.ActiveCfg = Debug|Any CPU
		{0BECACDC-FF06-4BB6-B5A8-358E65E92E9C}.Debug|Any CPU.Build.0 = Debug|Any CPU
		{0BECACDC-FF06-4BB6-B5A8-358E65E92E9C}.Release|Any CPU.ActiveCfg = Release|Any CPU
		{0BECACDC-FF06-4BB6-B5A8-358E65E92E9C}.Release|Any CPU.Build.0 = Release|Any CPU
		{2896C509-B90D-4B1C-AFD5-BE300C5BA3B7}.Debug|Any CPU.ActiveCfg = Debug|Any CPU
		{2896C509-B90D-4B1C-AFD5-BE300C5BA3B7}.Debug|Any CPU.Build.0 = Debug|Any CPU
		{2896C509-B90D-4B1C-AFD5-BE300C5BA3B7}.Release|Any CPU.ActiveCfg = Release|Any CPU
		{2896C509-B90D-4B1C-AFD5-BE300C5BA3B7}.Release|Any CPU.Build.0 = Release|Any CPU
	EndGlobalSection
EndGlobal
